
Microsoft Visual Studio Solution File, Format Version 12.00
# Visual Studio 15
VisualStudioVersion = 15.0.28307.572
MinimumVisualStudioVersion = 10.0.40219.1
Project("{FAE04EC0-301F-11D3-BF4B-00C04F79EFBC}") = "FMClassLib", "FMClassLib\FMClassLib.csproj", "{29F05C5F-427A-4B0C-AEB8-1274E5A81795}"
EndProject
Project("{FAE04EC0-301F-11D3-BF4B-00C04F79EFBC}") = "WinFormsApp", "WinFormsApp\WinFormsApp.csproj", "{6890DE0C-096B-4452-890F-42E3737E26A4}"
EndProject
Project("{FAE04EC0-301F-11D3-BF4B-00C04F79EFBC}") = "WpfApp", "WpfApp\WpfApp.csproj", "{F61D317D-9697-4491-96F8-B7599D9B0B5D}"
EndProject
Global
	GlobalSection(SolutionConfigurationPlatforms) = preSolution
		Debug|Any CPU = Debug|Any CPU
		Release|Any CPU = Release|Any CPU
	EndGlobalSection
	GlobalSection(ProjectConfigurationPlatforms) = postSolution
		{29F05C5F-427A-4B0C-AEB8-1274E5A81795}.Debug|Any CPU.ActiveCfg = Debug|Any CPU
		{29F05C5F-427A-4B0C-AEB8-1274E5A81795}.Debug|Any CPU.Build.0 = Debug|Any CPU
		{29F05C5F-427A-4B0C-AEB8-1274E5A81795}.Release|Any CPU.ActiveCfg = Release|Any CPU
		{29F05C5F-427A-4B0C-AEB8-1274E5A81795}.Release|Any CPU.Build.0 = Release|Any CPU
		{6890DE0C-096B-4452-890F-42E3737E26A4}.Debug|Any CPU.ActiveCfg = Debug|Any CPU
		{6890DE0C-096B-4452-890F-42E3737E26A4}.Debug|Any CPU.Build.0 = Debug|Any CPU
		{6890DE0C-096B-4452-890F-42E3737E26A4}.Release|Any CPU.ActiveCfg = Release|Any CPU
		{6890DE0C-096B-4452-890F-42E3737E26A4}.Release|Any CPU.Build.0 = Release|Any CPU
		{F61D317D-9697-4491-96F8-B7599D9B0B5D}.Debug|Any CPU.ActiveCfg = Debug|Any CPU
		{F61D317D-9697-4491-96F8-B7599D9B0B5D}.Debug|Any CPU.Build.0 = Debug|Any CPU
		{F61D317D-9697-4491-96F8-B7599D9B0B5D}.Release|Any CPU.ActiveCfg = Release|Any CPU
		{F61D317D-9697-4491-96F8-B7599D9B0B5D}.Release|Any CPU.Build.0 = Release|Any CPU
	EndGlobalSection
	GlobalSection(SolutionProperties) = preSolution
		HideSolutionNode = FALSE
	EndGlobalSection
	GlobalSection(ExtensibilityGlobals) = postSolution
		SolutionGuid = {DF1E0BFE-555C-437A-9768-FD0E1CDC15DE}
	EndGlobalSection
EndGlobal
